
Microsoft Visual Studio Solution File, Format Version 12.00
# Visual Studio Version 17
VisualStudioVersion = 17.6.33829.357
MinimumVisualStudioVersion = 10.0.40219.1
Project("{FAE04EC0-301F-11D3-BF4B-00C04F79EFBC}") = "CSharp lis box", "CSharp lis box.csproj", "{6861E0F2-8FD1-4D4D-922B-06109962300E}"
EndProject
Global
	GlobalSection(SolutionConfigurationPlatforms) = preSolution
		Debug|Any CPU = Debug|Any CPU
		Release|Any CPU = Release|Any CPU
	EndGlobalSection
	GlobalSection(ProjectConfigurationPlatforms) = postSolution
		{6861E0F2-8FD1-4D4D-922B-06109962300E}.Debug|Any CPU.ActiveCfg = Debug|Any CPU
		{6861E0F2-8FD1-4D4D-922B-06109962300E}.Debug|Any CPU.Build.0 = Debug|Any CPU
		{6861E0F2-8FD1-4D4D-922B-06109962300E}.Release|Any CPU.ActiveCfg = Release|Any CPU
		{6861E0F2-8FD1-4D4D-922B-06109962300E}.Release|Any CPU.Build.0 = Release|Any CPU
	EndGlobalSection
	GlobalSection(SolutionProperties) = preSolution
		HideSolutionNode = FALSE
	EndGlobalSection
	GlobalSection(ExtensibilityGlobals) = postSolution
		SolutionGuid = {BA66C409-3821-4DE6-9DDF-0B53BC531288}
	EndGlobalSection
EndGlobal
